
Microsoft Visual Studio Solution File, Format Version 12.00
# Visual Studio Version 17
VisualStudioVersion = 17.6.33829.357
MinimumVisualStudioVersion = 10.0.40219.1
Project("{FAE04EC0-301F-11D3-BF4B-00C04F79EFBC}") = "Croc.TestDrive.TgChatBot", "Croc.TestDrive.TgChatBot\Croc.TestDrive.TgChatBot.csproj", "{0432CA98-082C-4442-AD40-8C348483C6E8}"
EndProject
Global
	GlobalSection(SolutionConfigurationPlatforms) = preSolution
		Debug|Any CPU = Debug|Any CPU
		Release|Any CPU = Release|Any CPU
	EndGlobalSection
	GlobalSection(ProjectConfigurationPlatforms) = postSolution
		{0432CA98-082C-4442-AD40-8C348483C6E8}.Debug|Any CPU.ActiveCfg = Debug|Any CPU
		{0432CA98-082C-4442-AD40-8C348483C6E8}.Debug|Any CPU.Build.0 = Debug|Any CPU
		{0432CA98-082C-4442-AD40-8C348483C6E8}.Release|Any CPU.ActiveCfg = Release|Any CPU
		{0432CA98-082C-4442-AD40-8C348483C6E8}.Release|Any CPU.Build.0 = Release|Any CPU
	EndGlobalSection
	GlobalSection(SolutionProperties) = preSolution
		HideSolutionNode = FALSE
	EndGlobalSection
	GlobalSection(ExtensibilityGlobals) = postSolution
		SolutionGuid = {871F4611-BCCA-497A-8DE7-B558367DB02A}
	EndGlobalSection
EndGlobal
